
Microsoft Visual Studio Solution File, Format Version 12.00
# Visual Studio Version 16
VisualStudioVersion = 16.0.30204.135
MinimumVisualStudioVersion = 10.0.40219.1
Project("{FAE04EC0-301F-11D3-BF4B-00C04F79EFBC}") = "PMXWrapper", "PMXWrapper.csproj", "{E62D1DFB-E3B7-420E-A3DE-9EA075F8B9A4}"
EndProject
Global
	GlobalSection(SolutionConfigurationPlatforms) = preSolution
		Debug|Any CPU = Debug|Any CPU
		Release|Any CPU = Release|Any CPU
	EndGlobalSection
	GlobalSection(ProjectConfigurationPlatforms) = postSolution
		{E62D1DFB-E3B7-420E-A3DE-9EA075F8B9A4}.Debug|Any CPU.ActiveCfg = Debug|Any CPU
		{E62D1DFB-E3B7-420E-A3DE-9EA075F8B9A4}.Debug|Any CPU.Build.0 = Debug|Any CPU
		{E62D1DFB-E3B7-420E-A3DE-9EA075F8B9A4}.Release|Any CPU.ActiveCfg = Release|Any CPU
		{E62D1DFB-E3B7-420E-A3DE-9EA075F8B9A4}.Release|Any CPU.Build.0 = Release|Any CPU
	EndGlobalSection
	GlobalSection(SolutionProperties) = preSolution
		HideSolutionNode = FALSE
	EndGlobalSection
	GlobalSection(ExtensibilityGlobals) = postSolution
		SolutionGuid = {1FFA1148-9A93-4C81-A1C4-770C189FD5D7}
	EndGlobalSection
EndGlobal
